
Microsoft Visual Studio Solution File, Format Version 12.00
# Visual Studio Version 16
VisualStudioVersion = 16.0.31624.102
MinimumVisualStudioVersion = 10.0.40219.1
Project("{9A19103F-16F7-4668-BE54-9A1E7A4F7556}") = "Data", "Data\Data.csproj", "{11BBBABE-1509-4476-AE69-927D26A7EF51}"
EndProject
Project("{FAE04EC0-301F-11D3-BF4B-00C04F79EFBC}") = "ProdutoAPI", "ProdutoAPI\ProdutoAPI.csproj", "{5952D759-770D-4787-994C-2941AABBE692}"
EndProject
Global
	GlobalSection(SolutionConfigurationPlatforms) = preSolution
		Debug|Any CPU = Debug|Any CPU
		Release|Any CPU = Release|Any CPU
	EndGlobalSection
	GlobalSection(ProjectConfigurationPlatforms) = postSolution
		{11BBBABE-1509-4476-AE69-927D26A7EF51}.Debug|Any CPU.ActiveCfg = Debug|Any CPU
		{11BBBABE-1509-4476-AE69-927D26A7EF51}.Debug|Any CPU.Build.0 = Debug|Any CPU
		{11BBBABE-1509-4476-AE69-927D26A7EF51}.Release|Any CPU.ActiveCfg = Release|Any CPU
		{11BBBABE-1509-4476-AE69-927D26A7EF51}.Release|Any CPU.Build.0 = Release|Any CPU
		{5952D759-770D-4787-994C-2941AABBE692}.Debug|Any CPU.ActiveCfg = Debug|Any CPU
		{5952D759-770D-4787-994C-2941AABBE692}.Debug|Any CPU.Build.0 = Debug|Any CPU
		{5952D759-770D-4787-994C-2941AABBE692}.Release|Any CPU.ActiveCfg = Release|Any CPU
		{5952D759-770D-4787-994C-2941AABBE692}.Release|Any CPU.Build.0 = Release|Any CPU
	EndGlobalSection
	GlobalSection(SolutionProperties) = preSolution
		HideSolutionNode = FALSE
	EndGlobalSection
	GlobalSection(ExtensibilityGlobals) = postSolution
		SolutionGuid = {EFC9C257-7DC7-430A-99DF-2D67F5F40189}
	EndGlobalSection
EndGlobal
