
Microsoft Visual Studio Solution File, Format Version 12.00
# Visual Studio Version 16
VisualStudioVersion = 16.0.31624.102
MinimumVisualStudioVersion = 10.0.40219.1
Project("{FAE04EC0-301F-11D3-BF4B-00C04F79EFBC}") = "MariaDBAPI", "MariaDBAPI\MariaDBAPI.csproj", "{538BFD7C-D282-43F3-AAC6-E3FAD8660909}"
EndProject
Project("{9A19103F-16F7-4668-BE54-9A1E7A4F7556}") = "Data", "..\Solução1\Data\Data.csproj", "{0F383BF4-80AC-4B28-B675-71D4435DA31A}"
EndProject
Global
	GlobalSection(SolutionConfigurationPlatforms) = preSolution
		Debug|Any CPU = Debug|Any CPU
		Release|Any CPU = Release|Any CPU
	EndGlobalSection
	GlobalSection(ProjectConfigurationPlatforms) = postSolution
		{538BFD7C-D282-43F3-AAC6-E3FAD8660909}.Debug|Any CPU.ActiveCfg = Debug|Any CPU
		{538BFD7C-D282-43F3-AAC6-E3FAD8660909}.Debug|Any CPU.Build.0 = Debug|Any CPU
		{538BFD7C-D282-43F3-AAC6-E3FAD8660909}.Release|Any CPU.ActiveCfg = Release|Any CPU
		{538BFD7C-D282-43F3-AAC6-E3FAD8660909}.Release|Any CPU.Build.0 = Release|Any CPU
		{0F383BF4-80AC-4B28-B675-71D4435DA31A}.Debug|Any CPU.ActiveCfg = Debug|Any CPU
		{0F383BF4-80AC-4B28-B675-71D4435DA31A}.Debug|Any CPU.Build.0 = Debug|Any CPU
		{0F383BF4-80AC-4B28-B675-71D4435DA31A}.Release|Any CPU.ActiveCfg = Release|Any CPU
		{0F383BF4-80AC-4B28-B675-71D4435DA31A}.Release|Any CPU.Build.0 = Release|Any CPU
	EndGlobalSection
	GlobalSection(SolutionProperties) = preSolution
		HideSolutionNode = FALSE
	EndGlobalSection
	GlobalSection(ExtensibilityGlobals) = postSolution
		SolutionGuid = {220787AA-34C0-444F-A7C6-790188400F59}
	EndGlobalSection
EndGlobal
